
Microsoft Visual Studio Solution File, Format Version 12.00
# Visual Studio 15
VisualStudioVersion = 15.0.27130.2027
MinimumVisualStudioVersion = 10.0.40219.1
Project("{8BC9CEB8-8B4A-11D0-8D11-00A0C91BC942}") = "TextBattler", "TextBattler.vcxproj", "{ECBEB4E5-730D-4AC8-951C-D40A4ADFFEF8}"
EndProject
Global
	GlobalSection(SolutionConfigurationPlatforms) = preSolution
		Debug|x64 = Debug|x64
		Debug|x86 = Debug|x86
		Release|x64 = Release|x64
		Release|x86 = Release|x86
	EndGlobalSection
	GlobalSection(ProjectConfigurationPlatforms) = postSolution
		{ECBEB4E5-730D-4AC8-951C-D40A4ADFFEF8}.Debug|x64.ActiveCfg = Debug|x64
		{ECBEB4E5-730D-4AC8-951C-D40A4ADFFEF8}.Debug|x64.Build.0 = Debug|x64
		{ECBEB4E5-730D-4AC8-951C-D40A4ADFFEF8}.Debug|x86.ActiveCfg = Debug|Win32
		{ECBEB4E5-730D-4AC8-951C-D40A4ADFFEF8}.Debug|x86.Build.0 = Debug|Win32
		{ECBEB4E5-730D-4AC8-951C-D40A4ADFFEF8}.Release|x64.ActiveCfg = Release|x64
		{ECBEB4E5-730D-4AC8-951C-D40A4ADFFEF8}.Release|x64.Build.0 = Release|x64
		{ECBEB4E5-730D-4AC8-951C-D40A4ADFFEF8}.Release|x86.ActiveCfg = Release|Win32
		{ECBEB4E5-730D-4AC8-951C-D40A4ADFFEF8}.Release|x86.Build.0 = Release|Win32
	EndGlobalSection
	GlobalSection(SolutionProperties) = preSolution
		HideSolutionNode = FALSE
	EndGlobalSection
	GlobalSection(ExtensibilityGlobals) = postSolution
		SolutionGuid = {4C853529-99FE-40A6-9B07-4A0364956516}
	EndGlobalSection
EndGlobal
